// !$*UTF8*$!
{
	archiveVersion = 1;
	classes = {
	};
	objectVersion = 46;
	objects = {

/* Begin PBXBuildFile section */
		867CCBEF1A6BEF040008589D /* libWeChatSDK.a in Frameworks */ = {isa = PBXBuildFile; fileRef = 867CCBEC1A6BEF040008589D /* libWeChatSDK.a */; };
		E47C72551A66456300F1C115 /* M80FileModel.m in Sources */ = {isa = PBXBuildFile; fileRef = E47C72541A66456300F1C115 /* M80FileModel.m */; };
		E48009471A68B0A00053B03F /* M80ExploreViewController.m in Sources */ = {isa = PBXBuildFile; fileRef = E48009461A68B0A00053B03F /* M80ExploreViewController.m */; };
		E48A9A9C1A70D1890026F7AD /* libsqlite3.0.dylib in Frameworks */ = {isa = PBXBuildFile; fileRef = E48A9A9B1A70D1890026F7AD /* libsqlite3.0.dylib */; };
		E48A9A9E1A70D1DE0026F7AD /* libc++.dylib in Frameworks */ = {isa = PBXBuildFile; fileRef = E48A9A9D1A70D1DE0026F7AD /* libc++.dylib */; };
		E49813161A70EA35007A2B1D /* MobileCoreServices.framework in Frameworks */ = {isa = PBXBuildFile; fileRef = E49813151A70EA35007A2B1D /* MobileCoreServices.framework */; };
		E4CF21AD1A64ECDA0034A42D /* M80ServerViewController.m in Sources */ = {isa = PBXBuildFile; fileRef = E4CF21AB1A64ECDA0034A42D /* M80ServerViewController.m */; };
		E4CF21AE1A64ECDA0034A42D /* M80ServerViewController.xib in Resources */ = {isa = PBXBuildFile; fileRef = E4CF21AC1A64ECDA0034A42D /* M80ServerViewController.xib */; };
		E4D293AA1A6370B000563AD0 /* main.m in Sources */ = {isa = PBXBuildFile; fileRef = E4D293A91A6370B000563AD0 /* main.m */; };
		E4D293AD1A6370B000563AD0 /* AppDelegate.m in Sources */ = {isa = PBXBuildFile; fileRef = E4D293AC1A6370B000563AD0 /* AppDelegate.m */; };
		E4D293B51A6370B000563AD0 /* Images.xcassets in Resources */ = {isa = PBXBuildFile; fileRef = E4D293B41A6370B000563AD0 /* Images.xcassets */; };
		E4D293B81A6370B000563AD0 /* LaunchScreen.xib in Resources */ = {isa = PBXBuildFile; fileRef = E4D293B61A6370B000563AD0 /* LaunchScreen.xib */; };
		E4D293D31A63714F00563AD0 /* M80DirectoryViewController.m in Sources */ = {isa = PBXBuildFile; fileRef = E4D293D21A63714F00563AD0 /* M80DirectoryViewController.m */; };
		E4D293D61A63751D00563AD0 /* M80PathManager.m in Sources */ = {isa = PBXBuildFile; fileRef = E4D293D51A63751D00563AD0 /* M80PathManager.m */; };
		E4D293D91A637D7E00563AD0 /* M80DirectoryDatasource.m in Sources */ = {isa = PBXBuildFile; fileRef = E4D293D81A637D7E00563AD0 /* M80DirectoryDatasource.m */; };
		E4D293DF1A639F1400563AD0 /* M80HttpServer.m in Sources */ = {isa = PBXBuildFile; fileRef = E4D293DE1A639F1400563AD0 /* M80HttpServer.m */; };
		E4D293E31A63B78700563AD0 /* M80Util.m in Sources */ = {isa = PBXBuildFile; fileRef = E4D293E21A63B78700563AD0 /* M80Util.m */; };
		E4DF095F1BF96DC6009A9BDC /* CoreTelephony.framework in Frameworks */ = {isa = PBXBuildFile; fileRef = E4DF095E1BF96DC6009A9BDC /* CoreTelephony.framework */; };
		E74EE7D8E459C560FD3D4D66 /* libPods.a in Frameworks */ = {isa = PBXBuildFile; fileRef = D471078740BF1D584FAF809A /* libPods.a */; };
/* End PBXBuildFile section */

/* Begin PBXFileReference section */
		56C01316B4B793CCD8B17CCE /* Pods.debug.xcconfig */ = {isa = PBXFileReference; includeInIndex = 1; lastKnownFileType = text.xcconfig; name = Pods.debug.xcconfig; path = "Pods/Target Support Files/Pods/Pods.debug.xcconfig"; sourceTree = "<group>"; };
		57EC9B9829A45DC42B008EEB /* Pods.release.xcconfig */ = {isa = PBXFileReference; includeInIndex = 1; lastKnownFileType = text.xcconfig; name = Pods.release.xcconfig; path = "Pods/Target Support Files/Pods/Pods.release.xcconfig"; sourceTree = "<group>"; };
		867CCBEC1A6BEF040008589D /* libWeChatSDK.a */ = {isa = PBXFileReference; lastKnownFileType = archive.ar; path = libWeChatSDK.a; sourceTree = "<group>"; };
		867CCBED1A6BEF040008589D /* WXApi.h */ = {isa = PBXFileReference; fileEncoding = 4; lastKnownFileType = sourcecode.c.h; path = WXApi.h; sourceTree = "<group>"; };
		867CCBEE1A6BEF040008589D /* WXApiObject.h */ = {isa = PBXFileReference; fileEncoding = 4; lastKnownFileType = sourcecode.c.h; path = WXApiObject.h; sourceTree = "<group>"; };
		D471078740BF1D584FAF809A /* libPods.a */ = {isa = PBXFileReference; explicitFileType = archive.ar; includeInIndex = 0; path = libPods.a; sourceTree = BUILT_PRODUCTS_DIR; };
		E47C72531A66456300F1C115 /* M80FileModel.h */ = {isa = PBXFileReference; fileEncoding = 4; lastKnownFileType = sourcecode.c.h; path = M80FileModel.h; sourceTree = "<group>"; };
		E47C72541A66456300F1C115 /* M80FileModel.m */ = {isa = PBXFileReference; fileEncoding = 4; lastKnownFileType = sourcecode.c.objc; path = M80FileModel.m; sourceTree = "<group>"; };
		E47C72561A66460100F1C115 /* M80WifiSync.pch */ = {isa = PBXFileReference; lastKnownFileType = sourcecode.c.h; path = M80WifiSync.pch; sourceTree = "<group>"; };
		E48009451A68B0A00053B03F /* M80ExploreViewController.h */ = {isa = PBXFileReference; fileEncoding = 4; lastKnownFileType = sourcecode.c.h; path = M80ExploreViewController.h; sourceTree = "<group>"; };
		E48009461A68B0A00053B03F /* M80ExploreViewController.m */ = {isa = PBXFileReference; fileEncoding = 4; lastKnownFileType = sourcecode.c.objc; path = M80ExploreViewController.m; sourceTree = "<group>"; };
		E48A9A9B1A70D1890026F7AD /* libsqlite3.0.dylib */ = {isa = PBXFileReference; lastKnownFileType = "compiled.mach-o.dylib"; name = libsqlite3.0.dylib; path = usr/lib/libsqlite3.0.dylib; sourceTree = SDKROOT; };
		E48A9A9D1A70D1DE0026F7AD /* libc++.dylib */ = {isa = PBXFileReference; lastKnownFileType = "compiled.mach-o.dylib"; name = "libc++.dylib"; path = "usr/lib/libc++.dylib"; sourceTree = SDKROOT; };
		E49813151A70EA35007A2B1D /* MobileCoreServices.framework */ = {isa = PBXFileReference; lastKnownFileType = wrapper.framework; name = MobileCoreServices.framework; path = System/Library/Frameworks/MobileCoreServices.framework; sourceTree = SDKROOT; };
		E4CF21AA1A64ECDA0034A42D /* M80ServerViewController.h */ = {isa = PBXFileReference; fileEncoding = 4; lastKnownFileType = sourcecode.c.h; path = M80ServerViewController.h; sourceTree = "<group>"; };
		E4CF21AB1A64ECDA0034A42D /* M80ServerViewController.m */ = {isa = PBXFileReference; fileEncoding = 4; lastKnownFileType = sourcecode.c.objc; path = M80ServerViewController.m; sourceTree = "<group>"; };
		E4CF21AC1A64ECDA0034A42D /* M80ServerViewController.xib */ = {isa = PBXFileReference; fileEncoding = 4; lastKnownFileType = file.xib; path = M80ServerViewController.xib; sourceTree = "<group>"; };
		E4D293A41A6370B000563AD0 /* M80WifiSync.app */ = {isa = PBXFileReference; explicitFileType = wrapper.application; includeInIndex = 0; path = M80WifiSync.app; sourceTree = BUILT_PRODUCTS_DIR; };
		E4D293A81A6370B000563AD0 /* Info.plist */ = {isa = PBXFileReference; lastKnownFileType = text.plist.xml; path = Info.plist; sourceTree = "<group>"; };
		E4D293A91A6370B000563AD0 /* main.m */ = {isa = PBXFileReference; lastKnownFileType = sourcecode.c.objc; path = main.m; sourceTree = "<group>"; };
		E4D293AB1A6370B000563AD0 /* AppDelegate.h */ = {isa = PBXFileReference; lastKnownFileType = sourcecode.c.h; path = AppDelegate.h; sourceTree = "<group>"; };
		E4D293AC1A6370B000563AD0 /* AppDelegate.m */ = {isa = PBXFileReference; lastKnownFileType = sourcecode.c.objc; path = AppDelegate.m; sourceTree = "<group>"; };
		E4D293B41A6370B000563AD0 /* Images.xcassets */ = {isa = PBXFileReference; lastKnownFileType = folder.assetcatalog; path = Images.xcassets; sourceTree = "<group>"; };
		E4D293B71A6370B000563AD0 /* Base */ = {isa = PBXFileReference; lastKnownFileType = file.xib; name = Base; path = Base.lproj/LaunchScreen.xib; sourceTree = "<group>"; };
		E4D293D11A63714F00563AD0 /* M80DirectoryViewController.h */ = {isa = PBXFileReference; fileEncoding = 4; lastKnownFileType = sourcecode.c.h; path = M80DirectoryViewController.h; sourceTree = "<group>"; };
		E4D293D21A63714F00563AD0 /* M80DirectoryViewController.m */ = {isa = PBXFileReference; fileEncoding = 4; lastKnownFileType = sourcecode.c.objc; path = M80DirectoryViewController.m; sourceTree = "<group>"; };
		E4D293D41A63751D00563AD0 /* M80PathManager.h */ = {isa = PBXFileReference; fileEncoding = 4; lastKnownFileType = sourcecode.c.h; path = M80PathManager.h; sourceTree = "<group>"; };
		E4D293D51A63751D00563AD0 /* M80PathManager.m */ = {isa = PBXFileReference; fileEncoding = 4; lastKnownFileType = sourcecode.c.objc; path = M80PathManager.m; sourceTree = "<group>"; };
		E4D293D71A637D7E00563AD0 /* M80DirectoryDatasource.h */ = {isa = PBXFileReference; fileEncoding = 4; lastKnownFileType = sourcecode.c.h; path = M80DirectoryDatasource.h; sourceTree = "<group>"; };
		E4D293D81A637D7E00563AD0 /* M80DirectoryDatasource.m */ = {isa = PBXFileReference; fileEncoding = 4; lastKnownFileType = sourcecode.c.objc; path = M80DirectoryDatasource.m; sourceTree = "<group>"; };
		E4D293DD1A639F1400563AD0 /* M80HttpServer.h */ = {isa = PBXFileReference; fileEncoding = 4; lastKnownFileType = sourcecode.c.h; path = M80HttpServer.h; sourceTree = "<group>"; };
		E4D293DE1A639F1400563AD0 /* M80HttpServer.m */ = {isa = PBXFileReference; fileEncoding = 4; lastKnownFileType = sourcecode.c.objc; path = M80HttpServer.m; sourceTree = "<group>"; };
		E4D293E11A63B78700563AD0 /* M80Util.h */ = {isa = PBXFileReference; fileEncoding = 4; lastKnownFileType = sourcecode.c.h; path = M80Util.h; sourceTree = "<group>"; };
		E4D293E21A63B78700563AD0 /* M80Util.m */ = {isa = PBXFileReference; fileEncoding = 4; lastKnownFileType = sourcecode.c.objc; path = M80Util.m; sourceTree = "<group>"; };
		E4DF095E1BF96DC6009A9BDC /* CoreTelephony.framework */ = {isa = PBXFileReference; lastKnownFileType = wrapper.framework; name = CoreTelephony.framework; path = System/Library/Frameworks/CoreTelephony.framework; sourceTree = SDKROOT; };
/* End PBXFileReference section */

/* Begin PBXFrameworksBuildPhase section */
		E4D293A11A6370B000563AD0 /* Frameworks */ = {
			isa = PBXFrameworksBuildPhase;
			buildActionMask = 2147483647;
			files = (
				E4DF095F1BF96DC6009A9BDC /* CoreTelephony.framework in Frameworks */,
				E49813161A70EA35007A2B1D /* MobileCoreServices.framework in Frameworks */,
				E48A9A9E1A70D1DE0026F7AD /* libc++.dylib in Frameworks */,
				E48A9A9C1A70D1890026F7AD /* libsqlite3.0.dylib in Frameworks */,
				867CCBEF1A6BEF040008589D /* libWeChatSDK.a in Frameworks */,
				E74EE7D8E459C560FD3D4D66 /* libPods.a in Frameworks */,
			);
			runOnlyForDeploymentPostprocessing = 0;
		};
/* End PBXFrameworksBuildPhase section */

/* Begin PBXGroup section */
		867CCBEB1A6BEF040008589D /* Weixin */ = {
			isa = PBXGroup;
			children = (
				867CCBEC1A6BEF040008589D /* libWeChatSDK.a */,
				867CCBED1A6BEF040008589D /* WXApi.h */,
				867CCBEE1A6BEF040008589D /* WXApiObject.h */,
			);
			path = Weixin;
			sourceTree = "<group>";
		};
		A9BA26C8E0E1096727909F08 /* Pods */ = {
			isa = PBXGroup;
			children = (
				56C01316B4B793CCD8B17CCE /* Pods.debug.xcconfig */,
				57EC9B9829A45DC42B008EEB /* Pods.release.xcconfig */,
			);
			name = Pods;
			sourceTree = "<group>";
		};
		AAFC87C5769A8C40F6205B4E /* Frameworks */ = {
			isa = PBXGroup;
			children = (
				E4DF095E1BF96DC6009A9BDC /* CoreTelephony.framework */,
				E49813151A70EA35007A2B1D /* MobileCoreServices.framework */,
				E48A9A9D1A70D1DE0026F7AD /* libc++.dylib */,
				E48A9A9B1A70D1890026F7AD /* libsqlite3.0.dylib */,
				D471078740BF1D584FAF809A /* libPods.a */,
			);
			name = Frameworks;
			sourceTree = "<group>";
		};
		E4D2939B1A6370B000563AD0 = {
			isa = PBXGroup;
			children = (
				E4D293A61A6370B000563AD0 /* M80WifiSync */,
				E4D293A51A6370B000563AD0 /* Products */,
				A9BA26C8E0E1096727909F08 /* Pods */,
				AAFC87C5769A8C40F6205B4E /* Frameworks */,
			);
			sourceTree = "<group>";
		};
		E4D293A51A6370B000563AD0 /* Products */ = {
			isa = PBXGroup;
			children = (
				E4D293A41A6370B000563AD0 /* M80WifiSync.app */,
			);
			name = Products;
			sourceTree = "<group>";
		};
		E4D293A61A6370B000563AD0 /* M80WifiSync */ = {
			isa = PBXGroup;
			children = (
				E4D293CD1A63712E00563AD0 /* Classes */,
				E4D293AB1A6370B000563AD0 /* AppDelegate.h */,
				E4D293AC1A6370B000563AD0 /* AppDelegate.m */,
				E4D293B41A6370B000563AD0 /* Images.xcassets */,
				E4D293B61A6370B000563AD0 /* LaunchScreen.xib */,
				E4D293A71A6370B000563AD0 /* Supporting Files */,
			);
			path = M80WifiSync;
			sourceTree = "<group>";
		};
		E4D293A71A6370B000563AD0 /* Supporting Files */ = {
			isa = PBXGroup;
			children = (
				E47C72561A66460100F1C115 /* M80WifiSync.pch */,
				E4D293A81A6370B000563AD0 /* Info.plist */,
				E4D293A91A6370B000563AD0 /* main.m */,
			);
			name = "Supporting Files";
			sourceTree = "<group>";
		};
		E4D293CD1A63712E00563AD0 /* Classes */ = {
			isa = PBXGroup;
			children = (
				867CCBEB1A6BEF040008589D /* Weixin */,
				E4D293CE1A63712E00563AD0 /* Sections */,
				E4D293D01A63712E00563AD0 /* Util */,
			);
			path = Classes;
			sourceTree = SOURCE_ROOT;
		};
		E4D293CE1A63712E00563AD0 /* Sections */ = {
			isa = PBXGroup;
			children = (
				E4D293DC1A639E9A00563AD0 /* HttpServer */,
				E4D293CF1A63712E00563AD0 /* FileExplore */,
			);
			path = Sections;
			sourceTree = "<group>";
		};
		E4D293CF1A63712E00563AD0 /* FileExplore */ = {
			isa = PBXGroup;
			children = (
				E4D293D11A63714F00563AD0 /* M80DirectoryViewController.h */,
				E4D293D21A63714F00563AD0 /* M80DirectoryViewController.m */,
				E4D293D71A637D7E00563AD0 /* M80DirectoryDatasource.h */,
				E4D293D81A637D7E00563AD0 /* M80DirectoryDatasource.m */,
				E47C72531A66456300F1C115 /* M80FileModel.h */,
				E47C72541A66456300F1C115 /* M80FileModel.m */,
				E48009451A68B0A00053B03F /* M80ExploreViewController.h */,
				E48009461A68B0A00053B03F /* M80ExploreViewController.m */,
			);
			path = FileExplore;
			sourceTree = "<group>";
		};
		E4D293D01A63712E00563AD0 /* Util */ = {
			isa = PBXGroup;
			children = (
				E4D293D41A63751D00563AD0 /* M80PathManager.h */,
				E4D293D51A63751D00563AD0 /* M80PathManager.m */,
				E4D293E11A63B78700563AD0 /* M80Util.h */,
				E4D293E21A63B78700563AD0 /* M80Util.m */,
			);
			path = Util;
			sourceTree = "<group>";
		};
		E4D293DC1A639E9A00563AD0 /* HttpServer */ = {
			isa = PBXGroup;
			children = (
				E4D293DD1A639F1400563AD0 /* M80HttpServer.h */,
				E4D293DE1A639F1400563AD0 /* M80HttpServer.m */,
				E4CF21AA1A64ECDA0034A42D /* M80ServerViewController.h */,
				E4CF21AB1A64ECDA0034A42D /* M80ServerViewController.m */,
				E4CF21AC1A64ECDA0034A42D /* M80ServerViewController.xib */,
			);
			path = HttpServer;
			sourceTree = "<group>";
		};
/* End PBXGroup section */

/* Begin PBXNativeTarget section */
		E4D293A31A6370B000563AD0 /* M80WifiSync */ = {
			isa = PBXNativeTarget;
			buildConfigurationList = E4D293C71A6370B100563AD0 /* Build configuration list for PBXNativeTarget "M80WifiSync" */;
			buildPhases = (
				C1E797DE618B3C3A3E98241C /* Check Pods Manifest.lock */,
				E4D293A01A6370B000563AD0 /* Sources */,
				E4D293A11A6370B000563AD0 /* Frameworks */,
				E4D293A21A6370B000563AD0 /* Resources */,
				DF90AC3261627EB3D859A107 /* Copy Pods Resources */,
			);
			buildRules = (
			);
			dependencies = (
			);
			name = M80WifiSync;
			productName = M80WifiSync;
			productReference = E4D293A41A6370B000563AD0 /* M80WifiSync.app */;
			productType = "com.apple.product-type.application";
		};
/* End PBXNativeTarget section */

/* Begin PBXProject section */
		E4D2939C1A6370B000563AD0 /* Project object */ = {
			isa = PBXProject;
			attributes = {
				CLASSPREFIX = M80;
				LastUpgradeCheck = 0610;
				ORGANIZATIONNAME = www.xiangwangfeng.com;
				TargetAttributes = {
					E4D293A31A6370B000563AD0 = {
						CreatedOnToolsVersion = 6.1;
						DevelopmentTeam = 8D3PQJM58X;
					};
				};
			};
			buildConfigurationList = E4D2939F1A6370B000563AD0 /* Build configuration list for PBXProject "M80WifiSync" */;
			compatibilityVersion = "Xcode 3.2";
			developmentRegion = English;
			hasScannedForEncodings = 0;
			knownRegions = (
				en,
				Base,
			);
			mainGroup = E4D2939B1A6370B000563AD0;
			productRefGroup = E4D293A51A6370B000563AD0 /* Products */;
			projectDirPath = "";
			projectRoot = "";
			targets = (
				E4D293A31A6370B000563AD0 /* M80WifiSync */,
			);
		};
/* End PBXProject section */

/* Begin PBXResourcesBuildPhase section */
		E4D293A21A6370B000563AD0 /* Resources */ = {
			isa = PBXResourcesBuildPhase;
			buildActionMask = 2147483647;
			files = (
				E4D293B81A6370B000563AD0 /* LaunchScreen.xib in Resources */,
				E4D293B51A6370B000563AD0 /* Images.xcassets in Resources */,
				E4CF21AE1A64ECDA0034A42D /* M80ServerViewController.xib in Resources */,
			);
			runOnlyForDeploymentPostprocessing = 0;
		};
/* End PBXResourcesBuildPhase section */

/* Begin PBXShellScriptBuildPhase section */
		C1E797DE618B3C3A3E98241C /* Check Pods Manifest.lock */ = {
			isa = PBXShellScriptBuildPhase;
			buildActionMask = 2147483647;
			files = (
			);
			inputPaths = (
			);
			name = "Check Pods Manifest.lock";
			outputPaths = (
			);
			runOnlyForDeploymentPostprocessing = 0;
			shellPath = /bin/sh;
			shellScript = "diff \"${PODS_ROOT}/../Podfile.lock\" \"${PODS_ROOT}/Manifest.lock\" > /dev/null\nif [[ $? != 0 ]] ; then\n    cat << EOM\nerror: The sandbox is not in sync with the Podfile.lock. Run 'pod install' or update your CocoaPods installation.\nEOM\n    exit 1\nfi\n";
			showEnvVarsInLog = 0;
		};
		DF90AC3261627EB3D859A107 /* Copy Pods Resources */ = {
			isa = PBXShellScriptBuildPhase;
			buildActionMask = 2147483647;
			files = (
			);
			inputPaths = (
			);
			name = "Copy Pods Resources";
			outputPaths = (
			);
			runOnlyForDeploymentPostprocessing = 0;
			shellPath = /bin/sh;
			shellScript = "\"${SRCROOT}/Pods/Target Support Files/Pods/Pods-resources.sh\"\n";
			showEnvVarsInLog = 0;
		};
/* End PBXShellScriptBuildPhase section */

/* Begin PBXSourcesBuildPhase section */
		E4D293A01A6370B000563AD0 /* Sources */ = {
			isa = PBXSourcesBuildPhase;
			buildActionMask = 2147483647;
			files = (
				E4D293D91A637D7E00563AD0 /* M80DirectoryDatasource.m in Sources */,
				E4CF21AD1A64ECDA0034A42D /* M80ServerViewController.m in Sources */,
				E4D293D31A63714F00563AD0 /* M80DirectoryViewController.m in Sources */,
				E4D293DF1A639F1400563AD0 /* M80HttpServer.m in Sources */,
				E4D293D61A63751D00563AD0 /* M80PathManager.m in Sources */,
				E4D293AD1A6370B000563AD0 /* AppDelegate.m in Sources */,
				E47C72551A66456300F1C115 /* M80FileModel.m in Sources */,
				E48009471A68B0A00053B03F /* M80ExploreViewController.m in Sources */,
				E4D293AA1A6370B000563AD0 /* main.m in Sources */,
				E4D293E31A63B78700563AD0 /* M80Util.m in Sources */,
			);
			runOnlyForDeploymentPostprocessing = 0;
		};
/* End PBXSourcesBuildPhase section */

/* Begin PBXVariantGroup section */
		E4D293B61A6370B000563AD0 /* LaunchScreen.xib */ = {
			isa = PBXVariantGroup;
			children = (
				E4D293B71A6370B000563AD0 /* Base */,
			);
			name = LaunchScreen.xib;
			sourceTree = "<group>";
		};
/* End PBXVariantGroup section */

/* Begin XCBuildConfiguration section */
		E4D293C51A6370B100563AD0 /* Debug */ = {
			isa = XCBuildConfiguration;
			buildSettings = {
				ALWAYS_SEARCH_USER_PATHS = NO;
				CLANG_CXX_LANGUAGE_STANDARD = "gnu++0x";
				CLANG_CXX_LIBRARY = "libc++";
				CLANG_ENABLE_MODULES = YES;
				CLANG_ENABLE_OBJC_ARC = YES;
				CLANG_WARN_BOOL_CONVERSION = YES;
				CLANG_WARN_CONSTANT_CONVERSION = YES;
				CLANG_WARN_DIRECT_OBJC_ISA_USAGE = YES_ERROR;
				CLANG_WARN_EMPTY_BODY = YES;
				CLANG_WARN_ENUM_CONVERSION = YES;
				CLANG_WARN_INT_CONVERSION = YES;
				CLANG_WARN_OBJC_ROOT_CLASS = YES_ERROR;
				CLANG_WARN_UNREACHABLE_CODE = YES;
				CLANG_WARN__DUPLICATE_METHOD_MATCH = YES;
				"CODE_SIGN_IDENTITY[sdk=iphoneos*]" = "iPhone Developer";
				COPY_PHASE_STRIP = NO;
				ENABLE_STRICT_OBJC_MSGSEND = YES;
				GCC_C_LANGUAGE_STANDARD = gnu99;
				GCC_DYNAMIC_NO_PIC = NO;
				GCC_OPTIMIZATION_LEVEL = 0;
				GCC_PREPROCESSOR_DEFINITIONS = (
					"DEBUG=1",
					"$(inherited)",
				);
				GCC_SYMBOLS_PRIVATE_EXTERN = NO;
				GCC_WARN_64_TO_32_BIT_CONVERSION = YES;
				GCC_WARN_ABOUT_RETURN_TYPE = YES_ERROR;
				GCC_WARN_UNDECLARED_SELECTOR = YES;
				GCC_WARN_UNINITIALIZED_AUTOS = YES_AGGRESSIVE;
				GCC_WARN_UNUSED_FUNCTION = YES;
				GCC_WARN_UNUSED_VARIABLE = YES;
				IPHONEOS_DEPLOYMENT_TARGET = 8.0;
				MTL_ENABLE_DEBUG_INFO = YES;
				ONLY_ACTIVE_ARCH = YES;
				SDKROOT = iphoneos;
			};
			name = Debug;
		};
		E4D293C61A6370B100563AD0 /* Release */ = {
			isa = XCBuildConfiguration;
			buildSettings = {
				ALWAYS_SEARCH_USER_PATHS = NO;
				CLANG_CXX_LANGUAGE_STANDARD = "gnu++0x";
				CLANG_CXX_LIBRARY = "libc++";
				CLANG_ENABLE_MODULES = YES;
				CLANG_ENABLE_OBJC_ARC = YES;
				CLANG_WARN_BOOL_CONVERSION = YES;
				CLANG_WARN_CONSTANT_CONVERSION = YES;
				CLANG_WARN_DIRECT_OBJC_ISA_USAGE = YES_ERROR;
				CLANG_WARN_EMPTY_BODY = YES;
				CLANG_WARN_ENUM_CONVERSION = YES;
				CLANG_WARN_INT_CONVERSION = YES;
				CLANG_WARN_OBJC_ROOT_CLASS = YES_ERROR;
				CLANG_WARN_UNREACHABLE_CODE = YES;
				CLANG_WARN__DUPLICATE_METHOD_MATCH = YES;
				"CODE_SIGN_IDENTITY[sdk=iphoneos*]" = "iPhone Developer";
				COPY_PHASE_STRIP = YES;
				ENABLE_NS_ASSERTIONS = NO;
				ENABLE_STRICT_OBJC_MSGSEND = YES;
				GCC_C_LANGUAGE_STANDARD = gnu99;
				GCC_WARN_64_TO_32_BIT_CONVERSION = YES;
				GCC_WARN_ABOUT_RETURN_TYPE = YES_ERROR;
				GCC_WARN_UNDECLARED_SELECTOR = YES;
				GCC_WARN_UNINITIALIZED_AUTOS = YES_AGGRESSIVE;
				GCC_WARN_UNUSED_FUNCTION = YES;
				GCC_WARN_UNUSED_VARIABLE = YES;
				IPHONEOS_DEPLOYMENT_TARGET = 8.0;
				MTL_ENABLE_DEBUG_INFO = NO;
				SDKROOT = iphoneos;
				VALIDATE_PRODUCT = YES;
			};
			name = Release;
		};
		E4D293C81A6370B100563AD0 /* Debug */ = {
			isa = XCBuildConfiguration;
			baseConfigurationReference = 56C01316B4B793CCD8B17CCE /* Pods.debug.xcconfig */;
			buildSettings = {
				ASSETCATALOG_COMPILER_APPICON_NAME = AppIcon;
				ASSETCATALOG_COMPILER_LAUNCHIMAGE_NAME = LaunchImage;
				CODE_SIGN_IDENTITY = "iPhone Developer";
				GCC_PRECOMPILE_PREFIX_HEADER = YES;
				GCC_PREFIX_HEADER = M80WifiSync/M80WifiSync.pch;
				INFOPLIST_FILE = M80WifiSync/Info.plist;
				IPHONEOS_DEPLOYMENT_TARGET = 8.0;
				LD_RUNPATH_SEARCH_PATHS = "$(inherited) @executable_path/Frameworks";
				LIBRARY_SEARCH_PATHS = (
					"$(inherited)",
					"$(PROJECT_DIR)/Classes/Weixin",
				);
				PRODUCT_NAME = "$(TARGET_NAME)";
			};
			name = Debug;
		};
		E4D293C91A6370B100563AD0 /* Release */ = {
			isa = XCBuildConfiguration;
			baseConfigurationReference = 57EC9B9829A45DC42B008EEB /* Pods.release.xcconfig */;
			buildSettings = {
				ASSETCATALOG_COMPILER_APPICON_NAME = AppIcon;
				ASSETCATALOG_COMPILER_LAUNCHIMAGE_NAME = LaunchImage;
				CODE_SIGN_IDENTITY = "iPhone Developer";
				GCC_PRECOMPILE_PREFIX_HEADER = YES;
				GCC_PREFIX_HEADER = M80WifiSync/M80WifiSync.pch;
				INFOPLIST_FILE = M80WifiSync/Info.plist;
				IPHONEOS_DEPLOYMENT_TARGET = 8.0;
				LD_RUNPATH_SEARCH_PATHS = "$(inherited) @executable_path/Frameworks";
				LIBRARY_SEARCH_PATHS = (
					"$(inherited)",
					"$(PROJECT_DIR)/Classes/Weixin",
				);
				PRODUCT_NAME = "$(TARGET_NAME)";
			};
			name = Release;
		};
/* End XCBuildConfiguration section */

/* Begin XCConfigurationList section */
		E4D2939F1A6370B000563AD0 /* Build configuration list for PBXProject "M80WifiSync" */ = {
			isa = XCConfigurationList;
			buildConfigurations = (
				E4D293C51A6370B100563AD0 /* Debug */,
				E4D293C61A6370B100563AD0 /* Release */,
			);
			defaultConfigurationIsVisible = 0;
			defaultConfigurationName = Release;
		};
		E4D293C71A6370B100563AD0 /* Build configuration list for PBXNativeTarget "M80WifiSync" */ = {
			isa = XCConfigurationList;
			buildConfigurations = (
				E4D293C81A6370B100563AD0 /* Debug */,
				E4D293C91A6370B100563AD0 /* Release */,
			);
			defaultConfigurationIsVisible = 0;
			defaultConfigurationName = Release;
		};
/* End XCConfigurationList section */
	};
	rootObject = E4D2939C1A6370B000563AD0 /* Project object */;
}
